// !$*UTF8*$!
{
	archiveVersion = 1;
	classes = {
	};
	objectVersion = 50;
	objects = {

/* Begin PBXBuildFile section */
		AF8BCD27232BC71900A6A687 /* AppDelegate.swift in Sources */ = {isa = PBXBuildFile; fileRef = AF8BCD26232BC71900A6A687 /* AppDelegate.swift */; };
		AF8BCD29232BC71900A6A687 /* ViewController.swift in Sources */ = {isa = PBXBuildFile; fileRef = AF8BCD28232BC71900A6A687 /* ViewController.swift */; };
		AF8BCD2C232BC71900A6A687 /* Main.storyboard in Resources */ = {isa = PBXBuildFile; fileRef = AF8BCD2A232BC71900A6A687 /* Main.storyboard */; };
		AF8BCD2E232BC71A00A6A687 /* Assets.xcassets in Resources */ = {isa = PBXBuildFile; fileRef = AF8BCD2D232BC71A00A6A687 /* Assets.xcassets */; };
		AF8BCD31232BC71A00A6A687 /* LaunchScreen.storyboard in Resources */ = {isa = PBXBuildFile; fileRef = AF8BCD2F232BC71A00A6A687 /* LaunchScreen.storyboard */; };
		AF8BCD39232BC95D00A6A687 /* SecondViewController.swift in Sources */ = {isa = PBXBuildFile; fileRef = AF8BCD38232BC95D00A6A687 /* SecondViewController.swift */; };
		AF8BCD3B232BC97400A6A687 /* ThirdViewController.swift in Sources */ = {isa = PBXBuildFile; fileRef = AF8BCD3A232BC97400A6A687 /* ThirdViewController.swift */; };
		AF8BCD4A232BDB8500A6A687 /* homes_119.png in Resources */ = {isa = PBXBuildFile; fileRef = AF8BCD3D232BDB8400A6A687 /* homes_119.png */; };
		AF8BCD4B232BDB8500A6A687 /* facebook@2x.png in Resources */ = {isa = PBXBuildFile; fileRef = AF8BCD3E232BDB8400A6A687 /* facebook@2x.png */; };
		AF8BCD4C232BDB8500A6A687 /* rss@2x.png in Resources */ = {isa = PBXBuildFile; fileRef = AF8BCD3F232BDB8400A6A687 /* rss@2x.png */; };
		AF8BCD4D232BDB8500A6A687 /* menubar-bg.png in Resources */ = {isa = PBXBuildFile; fileRef = AF8BCD40232BDB8400A6A687 /* menubar-bg.png */; };
		AF8BCD4E232BDB8500A6A687 /* twitter@2x.png in Resources */ = {isa = PBXBuildFile; fileRef = AF8BCD41232BDB8400A6A687 /* twitter@2x.png */; };
		AF8BCD4F232BDB8500A6A687 /* google@2x.png in Resources */ = {isa = PBXBuildFile; fileRef = AF8BCD42232BDB8400A6A687 /* google@2x.png */; };
		AF8BCD50232BDB8500A6A687 /* designbump@2x.png in Resources */ = {isa = PBXBuildFile; fileRef = AF8BCD43232BDB8400A6A687 /* designbump@2x.png */; };
		AF8BCD51232BDB8500A6A687 /* photo.png in Resources */ = {isa = PBXBuildFile; fileRef = AF8BCD44232BDB8400A6A687 /* photo.png */; };
		AF8BCD52232BDB8500A6A687 /* calendar.png in Resources */ = {isa = PBXBuildFile; fileRef = AF8BCD45232BDB8400A6A687 /* calendar.png */; };
		AF8BCD53232BDB8500A6A687 /* menubar-bg-mini.png in Resources */ = {isa = PBXBuildFile; fileRef = AF8BCD46232BDB8400A6A687 /* menubar-bg-mini.png */; };
		AF8BCD54232BDB8500A6A687 /* connectivity-bar.png in Resources */ = {isa = PBXBuildFile; fileRef = AF8BCD47232BDB8400A6A687 /* connectivity-bar.png */; };
		AF8BCD55232BDB8500A6A687 /* file-tree.png in Resources */ = {isa = PBXBuildFile; fileRef = AF8BCD48232BDB8400A6A687 /* file-tree.png */; };
		AF8BCD56232BDB8500A6A687 /* checkmark@2x.png in Resources */ = {isa = PBXBuildFile; fileRef = AF8BCD49232BDB8500A6A687 /* checkmark@2x.png */; };
		AF8BCD58232BE98F00A6A687 /* NewAppDelegate.swift in Sources */ = {isa = PBXBuildFile; fileRef = AF8BCD57232BE98F00A6A687 /* NewAppDelegate.swift */; };
/* End PBXBuildFile section */

/* Begin PBXFileReference section */
		AF8BCD23232BC71900A6A687 /* TabBar.app */ = {isa = PBXFileReference; explicitFileType = wrapper.application; includeInIndex = 0; path = TabBar.app; sourceTree = BUILT_PRODUCTS_DIR; };
		AF8BCD26232BC71900A6A687 /* AppDelegate.swift */ = {isa = PBXFileReference; lastKnownFileType = sourcecode.swift; path = AppDelegate.swift; sourceTree = "<group>"; };
		AF8BCD28232BC71900A6A687 /* ViewController.swift */ = {isa = PBXFileReference; lastKnownFileType = sourcecode.swift; path = ViewController.swift; sourceTree = "<group>"; };
		AF8BCD2B232BC71900A6A687 /* Base */ = {isa = PBXFileReference; lastKnownFileType = file.storyboard; name = Base; path = Base.lproj/Main.storyboard; sourceTree = "<group>"; };
		AF8BCD2D232BC71A00A6A687 /* Assets.xcassets */ = {isa = PBXFileReference; lastKnownFileType = folder.assetcatalog; path = Assets.xcassets; sourceTree = "<group>"; };
		AF8BCD30232BC71A00A6A687 /* Base */ = {isa = PBXFileReference; lastKnownFileType = file.storyboard; name = Base; path = Base.lproj/LaunchScreen.storyboard; sourceTree = "<group>"; };
		AF8BCD32232BC71A00A6A687 /* Info.plist */ = {isa = PBXFileReference; lastKnownFileType = text.plist.xml; path = Info.plist; sourceTree = "<group>"; };
		AF8BCD38232BC95D00A6A687 /* SecondViewController.swift */ = {isa = PBXFileReference; lastKnownFileType = sourcecode.swift; path = SecondViewController.swift; sourceTree = "<group>"; };
		AF8BCD3A232BC97400A6A687 /* ThirdViewController.swift */ = {isa = PBXFileReference; lastKnownFileType = sourcecode.swift; path = ThirdViewController.swift; sourceTree = "<group>"; };
		AF8BCD3D232BDB8400A6A687 /* homes_119.png */ = {isa = PBXFileReference; lastKnownFileType = image.png; path = homes_119.png; sourceTree = "<group>"; };
		AF8BCD3E232BDB8400A6A687 /* facebook@2x.png */ = {isa = PBXFileReference; lastKnownFileType = image.png; path = "facebook@2x.png"; sourceTree = "<group>"; };
		AF8BCD3F232BDB8400A6A687 /* rss@2x.png */ = {isa = PBXFileReference; lastKnownFileType = image.png; path = "rss@2x.png"; sourceTree = "<group>"; };
		AF8BCD40232BDB8400A6A687 /* menubar-bg.png */ = {isa = PBXFileReference; lastKnownFileType = image.png; path = "menubar-bg.png"; sourceTree = "<group>"; };
		AF8BCD41232BDB8400A6A687 /* twitter@2x.png */ = {isa = PBXFileReference; lastKnownFileType = image.png; path = "twitter@2x.png"; sourceTree = "<group>"; };
		AF8BCD42232BDB8400A6A687 /* google@2x.png */ = {isa = PBXFileReference; lastKnownFileType = image.png; path = "google@2x.png"; sourceTree = "<group>"; };
		AF8BCD43232BDB8400A6A687 /* designbump@2x.png */ = {isa = PBXFileReference; lastKnownFileType = image.png; path = "designbump@2x.png"; sourceTree = "<group>"; };
		AF8BCD44232BDB8400A6A687 /* photo.png */ = {isa = PBXFileReference; lastKnownFileType = image.png; path = photo.png; sourceTree = "<group>"; };
		AF8BCD45232BDB8400A6A687 /* calendar.png */ = {isa = PBXFileReference; lastKnownFileType = image.png; path = calendar.png; sourceTree = "<group>"; };
		AF8BCD46232BDB8400A6A687 /* menubar-bg-mini.png */ = {isa = PBXFileReference; lastKnownFileType = image.png; path = "menubar-bg-mini.png"; sourceTree = "<group>"; };
		AF8BCD47232BDB8400A6A687 /* connectivity-bar.png */ = {isa = PBXFileReference; lastKnownFileType = image.png; path = "connectivity-bar.png"; sourceTree = "<group>"; };
		AF8BCD48232BDB8400A6A687 /* file-tree.png */ = {isa = PBXFileReference; lastKnownFileType = image.png; path = "file-tree.png"; sourceTree = "<group>"; };
		AF8BCD49232BDB8500A6A687 /* checkmark@2x.png */ = {isa = PBXFileReference; lastKnownFileType = image.png; path = "checkmark@2x.png"; sourceTree = "<group>"; };
		AF8BCD57232BE98F00A6A687 /* NewAppDelegate.swift */ = {isa = PBXFileReference; lastKnownFileType = sourcecode.swift; path = NewAppDelegate.swift; sourceTree = "<group>"; };
/* End PBXFileReference section */

/* Begin PBXFrameworksBuildPhase section */
		AF8BCD20232BC71900A6A687 /* Frameworks */ = {
			isa = PBXFrameworksBuildPhase;
			buildActionMask = 2147483647;
			files = (
			);
			runOnlyForDeploymentPostprocessing = 0;
		};
/* End PBXFrameworksBuildPhase section */

/* Begin PBXGroup section */
		AF8BCD1A232BC71900A6A687 = {
			isa = PBXGroup;
			children = (
				AF8BCD3C232BDB0100A6A687 /* Resources */,
				AF8BCD25232BC71900A6A687 /* TabBar */,
				AF8BCD24232BC71900A6A687 /* Products */,
			);
			sourceTree = "<group>";
		};
		AF8BCD24232BC71900A6A687 /* Products */ = {
			isa = PBXGroup;
			children = (
				AF8BCD23232BC71900A6A687 /* TabBar.app */,
			);
			name = Products;
			sourceTree = "<group>";
		};
		AF8BCD25232BC71900A6A687 /* TabBar */ = {
			isa = PBXGroup;
			children = (
				AF8BCD26232BC71900A6A687 /* AppDelegate.swift */,
				AF8BCD2A232BC71900A6A687 /* Main.storyboard */,
				AF8BCD2D232BC71A00A6A687 /* Assets.xcassets */,
				AF8BCD2F232BC71A00A6A687 /* LaunchScreen.storyboard */,
				AF8BCD32232BC71A00A6A687 /* Info.plist */,
				AF8BCD28232BC71900A6A687 /* ViewController.swift */,
				AF8BCD38232BC95D00A6A687 /* SecondViewController.swift */,
				AF8BCD3A232BC97400A6A687 /* ThirdViewController.swift */,
				AF8BCD57232BE98F00A6A687 /* NewAppDelegate.swift */,
			);
			path = TabBar;
			sourceTree = "<group>";
		};
		AF8BCD3C232BDB0100A6A687 /* Resources */ = {
			isa = PBXGroup;
			children = (
				AF8BCD45232BDB8400A6A687 /* calendar.png */,
				AF8BCD49232BDB8500A6A687 /* checkmark@2x.png */,
				AF8BCD47232BDB8400A6A687 /* connectivity-bar.png */,
				AF8BCD43232BDB8400A6A687 /* designbump@2x.png */,
				AF8BCD3E232BDB8400A6A687 /* facebook@2x.png */,
				AF8BCD48232BDB8400A6A687 /* file-tree.png */,
				AF8BCD42232BDB8400A6A687 /* google@2x.png */,
				AF8BCD3D232BDB8400A6A687 /* homes_119.png */,
				AF8BCD46232BDB8400A6A687 /* menubar-bg-mini.png */,
				AF8BCD40232BDB8400A6A687 /* menubar-bg.png */,
				AF8BCD44232BDB8400A6A687 /* photo.png */,
				AF8BCD3F232BDB8400A6A687 /* rss@2x.png */,
				AF8BCD41232BDB8400A6A687 /* twitter@2x.png */,
			);
			path = Resources;
			sourceTree = "<group>";
		};
/* End PBXGroup section */

/* Begin PBXNativeTarget section */
		AF8BCD22232BC71900A6A687 /* TabBar */ = {
			isa = PBXNativeTarget;
			buildConfigurationList = AF8BCD35232BC71A00A6A687 /* Build configuration list for PBXNativeTarget "TabBar" */;
			buildPhases = (
				AF8BCD1F232BC71900A6A687 /* Sources */,
				AF8BCD20232BC71900A6A687 /* Frameworks */,
				AF8BCD21232BC71900A6A687 /* Resources */,
			);
			buildRules = (
			);
			dependencies = (
			);
			name = TabBar;
			productName = TabBar;
			productReference = AF8BCD23232BC71900A6A687 /* TabBar.app */;
			productType = "com.apple.product-type.application";
		};
/* End PBXNativeTarget section */

/* Begin PBXProject section */
		AF8BCD1B232BC71900A6A687 /* Project object */ = {
			isa = PBXProject;
			attributes = {
				LastSwiftUpdateCheck = 1030;
				LastUpgradeCheck = 1030;
				ORGANIZATIONNAME = comso;
				TargetAttributes = {
					AF8BCD22232BC71900A6A687 = {
						CreatedOnToolsVersion = 10.3;
					};
				};
			};
			buildConfigurationList = AF8BCD1E232BC71900A6A687 /* Build configuration list for PBXProject "TabBar" */;
			compatibilityVersion = "Xcode 9.3";
			developmentRegion = en;
			hasScannedForEncodings = 0;
			knownRegions = (
				en,
				Base,
			);
			mainGroup = AF8BCD1A232BC71900A6A687;
			productRefGroup = AF8BCD24232BC71900A6A687 /* Products */;
			projectDirPath = "";
			projectRoot = "";
			targets = (
				AF8BCD22232BC71900A6A687 /* TabBar */,
			);
		};
/* End PBXProject section */

/* Begin PBXResourcesBuildPhase section */
		AF8BCD21232BC71900A6A687 /* Resources */ = {
			isa = PBXResourcesBuildPhase;
			buildActionMask = 2147483647;
			files = (
				AF8BCD4D232BDB8500A6A687 /* menubar-bg.png in Resources */,
				AF8BCD52232BDB8500A6A687 /* calendar.png in Resources */,
				AF8BCD4B232BDB8500A6A687 /* facebook@2x.png in Resources */,
				AF8BCD31232BC71A00A6A687 /* LaunchScreen.storyboard in Resources */,
				AF8BCD2E232BC71A00A6A687 /* Assets.xcassets in Resources */,
				AF8BCD53232BDB8500A6A687 /* menubar-bg-mini.png in Resources */,
				AF8BCD56232BDB8500A6A687 /* checkmark@2x.png in Resources */,
				AF8BCD55232BDB8500A6A687 /* file-tree.png in Resources */,
				AF8BCD4A232BDB8500A6A687 /* homes_119.png in Resources */,
				AF8BCD2C232BC71900A6A687 /* Main.storyboard in Resources */,
				AF8BCD4E232BDB8500A6A687 /* twitter@2x.png in Resources */,
				AF8BCD4F232BDB8500A6A687 /* google@2x.png in Resources */,
				AF8BCD54232BDB8500A6A687 /* connectivity-bar.png in Resources */,
				AF8BCD50232BDB8500A6A687 /* designbump@2x.png in Resources */,
				AF8BCD4C232BDB8500A6A687 /* rss@2x.png in Resources */,
				AF8BCD51232BDB8500A6A687 /* photo.png in Resources */,
			);
			runOnlyForDeploymentPostprocessing = 0;
		};
/* End PBXResourcesBuildPhase section */

/* Begin PBXSourcesBuildPhase section */
		AF8BCD1F232BC71900A6A687 /* Sources */ = {
			isa = PBXSourcesBuildPhase;
			buildActionMask = 2147483647;
			files = (
				AF8BCD39232BC95D00A6A687 /* SecondViewController.swift in Sources */,
				AF8BCD29232BC71900A6A687 /* ViewController.swift in Sources */,
				AF8BCD3B232BC97400A6A687 /* ThirdViewController.swift in Sources */,
				AF8BCD58232BE98F00A6A687 /* NewAppDelegate.swift in Sources */,
				AF8BCD27232BC71900A6A687 /* AppDelegate.swift in Sources */,
			);
			runOnlyForDeploymentPostprocessing = 0;
		};
/* End PBXSourcesBuildPhase section */

/* Begin PBXVariantGroup section */
		AF8BCD2A232BC71900A6A687 /* Main.storyboard */ = {
			isa = PBXVariantGroup;
			children = (
				AF8BCD2B232BC71900A6A687 /* Base */,
			);
			name = Main.storyboard;
			sourceTree = "<group>";
		};
		AF8BCD2F232BC71A00A6A687 /* LaunchScreen.storyboard */ = {
			isa = PBXVariantGroup;
			children = (
				AF8BCD30232BC71A00A6A687 /* Base */,
			);
			name = LaunchScreen.storyboard;
			sourceTree = "<group>";
		};
/* End PBXVariantGroup section */

/* Begin XCBuildConfiguration section */
		AF8BCD33232BC71A00A6A687 /* Debug */ = {
			isa = XCBuildConfiguration;
			buildSettings = {
				ALWAYS_SEARCH_USER_PATHS = NO;
				CLANG_ANALYZER_NONNULL = YES;
				CLANG_ANALYZER_NUMBER_OBJECT_CONVERSION = YES_AGGRESSIVE;
				CLANG_CXX_LANGUAGE_STANDARD = "gnu++14";
				CLANG_CXX_LIBRARY = "libc++";
				CLANG_ENABLE_MODULES = YES;
				CLANG_ENABLE_OBJC_ARC = YES;
				CLANG_ENABLE_OBJC_WEAK = YES;
				CLANG_WARN_BLOCK_CAPTURE_AUTORELEASING = YES;
				CLANG_WARN_BOOL_CONVERSION = YES;
				CLANG_WARN_COMMA = YES;
				CLANG_WARN_CONSTANT_CONVERSION = YES;
				CLANG_WARN_DEPRECATED_OBJC_IMPLEMENTATIONS = YES;
				CLANG_WARN_DIRECT_OBJC_ISA_USAGE = YES_ERROR;
				CLANG_WARN_DOCUMENTATION_COMMENTS = YES;
				CLANG_WARN_EMPTY_BODY = YES;
				CLANG_WARN_ENUM_CONVERSION = YES;
				CLANG_WARN_INFINITE_RECURSION = YES;
				CLANG_WARN_INT_CONVERSION = YES;
				CLANG_WARN_NON_LITERAL_NULL_CONVERSION = YES;
				CLANG_WARN_OBJC_IMPLICIT_RETAIN_SELF = YES;
				CLANG_WARN_OBJC_LITERAL_CONVERSION = YES;
				CLANG_WARN_OBJC_ROOT_CLASS = YES_ERROR;
				CLANG_WARN_RANGE_LOOP_ANALYSIS = YES;
				CLANG_WARN_STRICT_PROTOTYPES = YES;
				CLANG_WARN_SUSPICIOUS_MOVE = YES;
				CLANG_WARN_UNGUARDED_AVAILABILITY = YES_AGGRESSIVE;
				CLANG_WARN_UNREACHABLE_CODE = YES;
				CLANG_WARN__DUPLICATE_METHOD_MATCH = YES;
				CODE_SIGN_IDENTITY = "iPhone Developer";
				COPY_PHASE_STRIP = NO;
				DEBUG_INFORMATION_FORMAT = dwarf;
				ENABLE_STRICT_OBJC_MSGSEND = YES;
				ENABLE_TESTABILITY = YES;
				GCC_C_LANGUAGE_STANDARD = gnu11;
				GCC_DYNAMIC_NO_PIC = NO;
				GCC_NO_COMMON_BLOCKS = YES;
				GCC_OPTIMIZATION_LEVEL = 0;
				GCC_PREPROCESSOR_DEFINITIONS = (
					"DEBUG=1",
					"$(inherited)",
				);
				GCC_WARN_64_TO_32_BIT_CONVERSION = YES;
				GCC_WARN_ABOUT_RETURN_TYPE = YES_ERROR;
				GCC_WARN_UNDECLARED_SELECTOR = YES;
				GCC_WARN_UNINITIALIZED_AUTOS = YES_AGGRESSIVE;
				GCC_WARN_UNUSED_FUNCTION = YES;
				GCC_WARN_UNUSED_VARIABLE = YES;
				IPHONEOS_DEPLOYMENT_TARGET = 12.4;
				MTL_ENABLE_DEBUG_INFO = INCLUDE_SOURCE;
				MTL_FAST_MATH = YES;
				ONLY_ACTIVE_ARCH = YES;
				SDKROOT = iphoneos;
				SWIFT_ACTIVE_COMPILATION_CONDITIONS = DEBUG;
				SWIFT_OPTIMIZATION_LEVEL = "-Onone";
			};
			name = Debug;
		};
		AF8BCD34232BC71A00A6A687 /* Release */ = {
			isa = XCBuildConfiguration;
			buildSettings = {
				ALWAYS_SEARCH_USER_PATHS = NO;
				CLANG_ANALYZER_NONNULL = YES;
				CLANG_ANALYZER_NUMBER_OBJECT_CONVERSION = YES_AGGRESSIVE;
				CLANG_CXX_LANGUAGE_STANDARD = "gnu++14";
				CLANG_CXX_LIBRARY = "libc++";
				CLANG_ENABLE_MODULES = YES;
				CLANG_ENABLE_OBJC_ARC = YES;
				CLANG_ENABLE_OBJC_WEAK = YES;
				CLANG_WARN_BLOCK_CAPTURE_AUTORELEASING = YES;
				CLANG_WARN_BOOL_CONVERSION = YES;
				CLANG_WARN_COMMA = YES;
				CLANG_WARN_CONSTANT_CONVERSION = YES;
				CLANG_WARN_DEPRECATED_OBJC_IMPLEMENTATIONS = YES;
				CLANG_WARN_DIRECT_OBJC_ISA_USAGE = YES_ERROR;
				CLANG_WARN_DOCUMENTATION_COMMENTS = YES;
				CLANG_WARN_EMPTY_BODY = YES;
				CLANG_WARN_ENUM_CONVERSION = YES;
				CLANG_WARN_INFINITE_RECURSION = YES;
				CLANG_WARN_INT_CONVERSION = YES;
				CLANG_WARN_NON_LITERAL_NULL_CONVERSION = YES;
				CLANG_WARN_OBJC_IMPLICIT_RETAIN_SELF = YES;
				CLANG_WARN_OBJC_LITERAL_CONVERSION = YES;
				CLANG_WARN_OBJC_ROOT_CLASS = YES_ERROR;
				CLANG_WARN_RANGE_LOOP_ANALYSIS = YES;
				CLANG_WARN_STRICT_PROTOTYPES = YES;
				CLANG_WARN_SUSPICIOUS_MOVE = YES;
				CLANG_WARN_UNGUARDED_AVAILABILITY = YES_AGGRESSIVE;
				CLANG_WARN_UNREACHABLE_CODE = YES;
				CLANG_WARN__DUPLICATE_METHOD_MATCH = YES;
				CODE_SIGN_IDENTITY = "iPhone Developer";
				COPY_PHASE_STRIP = NO;
				DEBUG_INFORMATION_FORMAT = "dwarf-with-dsym";
				ENABLE_NS_ASSERTIONS = NO;
				ENABLE_STRICT_OBJC_MSGSEND = YES;
				GCC_C_LANGUAGE_STANDARD = gnu11;
				GCC_NO_COMMON_BLOCKS = YES;
				GCC_WARN_64_TO_32_BIT_CONVERSION = YES;
				GCC_WARN_ABOUT_RETURN_TYPE = YES_ERROR;
				GCC_WARN_UNDECLARED_SELECTOR = YES;
				GCC_WARN_UNINITIALIZED_AUTOS = YES_AGGRESSIVE;
				GCC_WARN_UNUSED_FUNCTION = YES;
				GCC_WARN_UNUSED_VARIABLE = YES;
				IPHONEOS_DEPLOYMENT_TARGET = 12.4;
				MTL_ENABLE_DEBUG_INFO = NO;
				MTL_FAST_MATH = YES;
				SDKROOT = iphoneos;
				SWIFT_COMPILATION_MODE = wholemodule;
				SWIFT_OPTIMIZATION_LEVEL = "-O";
				VALIDATE_PRODUCT = YES;
			};
			name = Release;
		};
		AF8BCD36232BC71A00A6A687 /* Debug */ = {
			isa = XCBuildConfiguration;
			buildSettings = {
				ASSETCATALOG_COMPILER_APPICON_NAME = AppIcon;
				CODE_SIGN_STYLE = Automatic;
				INFOPLIST_FILE = TabBar/Info.plist;
				LD_RUNPATH_SEARCH_PATHS = (
					"$(inherited)",
					"@executable_path/Frameworks",
				);
				PRODUCT_BUNDLE_IDENTIFIER = kr.ac.induk.comso.TabBar;
				PRODUCT_NAME = "$(TARGET_NAME)";
				SWIFT_VERSION = 5.0;
				TARGETED_DEVICE_FAMILY = "1,2";
			};
			name = Debug;
		};
		AF8BCD37232BC71A00A6A687 /* Release */ = {
			isa = XCBuildConfiguration;
			buildSettings = {
				ASSETCATALOG_COMPILER_APPICON_NAME = AppIcon;
				CODE_SIGN_STYLE = Automatic;
				INFOPLIST_FILE = TabBar/Info.plist;
				LD_RUNPATH_SEARCH_PATHS = (
					"$(inherited)",
					"@executable_path/Frameworks",
				);
				PRODUCT_BUNDLE_IDENTIFIER = kr.ac.induk.comso.TabBar;
				PRODUCT_NAME = "$(TARGET_NAME)";
				SWIFT_VERSION = 5.0;
				TARGETED_DEVICE_FAMILY = "1,2";
			};
			name = Release;
		};
/* End XCBuildConfiguration section */

/* Begin XCConfigurationList section */
		AF8BCD1E232BC71900A6A687 /* Build configuration list for PBXProject "TabBar" */ = {
			isa = XCConfigurationList;
			buildConfigurations = (
				AF8BCD33232BC71A00A6A687 /* Debug */,
				AF8BCD34232BC71A00A6A687 /* Release */,
			);
			defaultConfigurationIsVisible = 0;
			defaultConfigurationName = Release;
		};
		AF8BCD35232BC71A00A6A687 /* Build configuration list for PBXNativeTarget "TabBar" */ = {
			isa = XCConfigurationList;
			buildConfigurations = (
				AF8BCD36232BC71A00A6A687 /* Debug */,
				AF8BCD37232BC71A00A6A687 /* Release */,
			);
			defaultConfigurationIsVisible = 0;
			defaultConfigurationName = Release;
		};
/* End XCConfigurationList section */
	};
	rootObject = AF8BCD1B232BC71900A6A687 /* Project object */;
}
